
Microsoft Visual Studio Solution File, Format Version 12.00
# Visual Studio Version 16
VisualStudioVersion = 16.0.31624.102
MinimumVisualStudioVersion = 10.0.40219.1
Project("{9A19103F-16F7-4668-BE54-9A1E7A4F7556}") = "CircleAreaApp", "CircleAreaApp\CircleAreaApp.csproj", "{777B1829-4A8F-4F89-8889-3DF95520B8E1}"
EndProject
Project("{9A19103F-16F7-4668-BE54-9A1E7A4F7556}") = "CircleAreaWithUserInput", "CircleAreaWithUserInput\CircleAreaWithUserInput.csproj", "{DB2D5B98-B2E2-4291-B589-ED3CD8ABAEE0}"
EndProject
Project("{9A19103F-16F7-4668-BE54-9A1E7A4F7556}") = "FahrenheitToCelsius", "FahrenheitToCelsius\FahrenheitToCelsius.csproj", "{A1B9C85F-57B9-4B16-A3A7-6226DE3F440C}"
EndProject
Project("{9A19103F-16F7-4668-BE54-9A1E7A4F7556}") = "SSPE_Question01", "SSPE_Question01\SSPE_Question01.csproj", "{7E844B4E-ECCB-4E87-B71E-672528DEF514}"
EndProject
Project("{9A19103F-16F7-4668-BE54-9A1E7A4F7556}") = "SSPE_Question02", "SSPE_Question02\SSPE_Question02.csproj", "{D61DC9E7-93B1-4C12-A5AB-979E278DE3AA}"
EndProject
Project("{9A19103F-16F7-4668-BE54-9A1E7A4F7556}") = "SSPE_Question03", "SSPE_Question03\SSPE_Question03.csproj", "{F37F2915-7273-4EB0-B464-EB6B4757B3FA}"
EndProject
Project("{9A19103F-16F7-4668-BE54-9A1E7A4F7556}") = "SSPE_Question04", "SSPE_Question04\SSPE_Question04.csproj", "{A9CC3D2C-1165-45A9-AA27-28FF5766061D}"
EndProject
Project("{9A19103F-16F7-4668-BE54-9A1E7A4F7556}") = "SSPE_Question05", "SSPE_Question05\SSPE_Question05.csproj", "{01D7D8EC-D2ED-49A6-9EF5-5C21D211BAF8}"
EndProject
Project("{9A19103F-16F7-4668-BE54-9A1E7A4F7556}") = "DMP_Questoin01", "DMP_Questoin01\DMP_Questoin01.csproj", "{AF152215-8345-4591-8A0C-F1F723B80B10}"
EndProject
Project("{9A19103F-16F7-4668-BE54-9A1E7A4F7556}") = "DMP_Question02", "DMP_Question02\DMP_Question02.csproj", "{603E89D5-3C8B-4C85-AC2E-8B3BBBCDCEB7}"
EndProject
Project("{9A19103F-16F7-4668-BE54-9A1E7A4F7556}") = "DMP_Question03", "DMP_Question03\DMP_Question03.csproj", "{2C23646C-66DA-4C26-BFED-922E97D59CE7}"
EndProject
Project("{9A19103F-16F7-4668-BE54-9A1E7A4F7556}") = "DMP_Question04", "DMP_Question04\DMP_Question04.csproj", "{1BBAF028-22F0-4CE9-A42C-C9763048CA76}"
EndProject
Project("{9A19103F-16F7-4668-BE54-9A1E7A4F7556}") = "DMP_Switch_Question01", "DMP_Switch_Question01\DMP_Switch_Question01.csproj", "{BCF3B6D6-B9FD-4368-9622-C41B7844491D}"
EndProject
Project("{9A19103F-16F7-4668-BE54-9A1E7A4F7556}") = "ColumnOutputDemo", "ColumnOutputDemo\ColumnOutputDemo.csproj", "{6FBEB765-9D29-41B2-A41B-F28DF3C7CCAE}"
EndProject
Project("{9A19103F-16F7-4668-BE54-9A1E7A4F7556}") = "ForLoop1Demo", "ForLoop1Demo\ForLoop1Demo.csproj", "{B549D3A4-809E-427F-A0C0-68D8E9F1E76E}"
EndProject
Project("{9A19103F-16F7-4668-BE54-9A1E7A4F7556}") = "GuessNumberOneTime", "GuessNumberOneTime\GuessNumberOneTime.csproj", "{32E15E1F-C701-498E-AD76-CFA5E172F226}"
EndProject
Project("{9A19103F-16F7-4668-BE54-9A1E7A4F7556}") = "GuessNumberUsingWhileLoop", "GuessNumberUsingWhileLoop\GuessNumberUsingWhileLoop.csproj", "{57A882FE-197A-4139-884F-3A648BB26B68}"
EndProject
Project("{9A19103F-16F7-4668-BE54-9A1E7A4F7556}") = "GuessNumberUsingBooleanFlag", "GuessNumberUsingBooleanFlag\GuessNumberUsingBooleanFlag.csproj", "{62B437F2-7E38-4C7A-8AA6-BC83B48E02D6}"
EndProject
Project("{9A19103F-16F7-4668-BE54-9A1E7A4F7556}") = "GuessNumberUsingDoWhileLoop", "GuessNumberUsingDoWhileLoop\GuessNumberUsingDoWhileLoop.csproj", "{B0635C93-0DFE-4AA0-921C-40D092984E54}"
EndProject
Project("{9A19103F-16F7-4668-BE54-9A1E7A4F7556}") = "RectangleFilledPattern", "RectangleFilledPattern\RectangleFilledPattern.csproj", "{1F97653D-5B36-4B57-80E4-5EE1E905802A}"
EndProject
Project("{9A19103F-16F7-4668-BE54-9A1E7A4F7556}") = "RectangleHollowPattern", "RectangleHollowPattern\RectangleHollowPattern.csproj", "{EC95A3F7-347F-4F51-B498-1AC0575468A7}"
EndProject
Project("{9A19103F-16F7-4668-BE54-9A1E7A4F7556}") = "MultiplicationTable", "MultiplicationTable\MultiplicationTable.csproj", "{F9819C91-1031-49A7-BA7D-E69544CCB3D0}"
EndProject
Project("{9A19103F-16F7-4668-BE54-9A1E7A4F7556}") = "CupConverter", "CupConverter\CupConverter.csproj", "{DE65CF5B-D6BD-4D84-928B-EE1A88FD613B}"
EndProject
Project("{9A19103F-16F7-4668-BE54-9A1E7A4F7556}") = "LPE1_Question1", "LPE1_Question\LPE1_Question1.csproj", "{727188BA-F2D1-459C-BDFE-7FAE2B374551}"
EndProject
Project("{9A19103F-16F7-4668-BE54-9A1E7A4F7556}") = "LPE_Question2", "LPE_Question2\LPE_Question2.csproj", "{E9B3EC17-5339-4F7E-B213-54B7D20CED9D}"
EndProject
Project("{9A19103F-16F7-4668-BE54-9A1E7A4F7556}") = "LPE_Question3", "LPE_Question3\LPE_Question3.csproj", "{95EE9F0E-1E62-44D8-8995-3DFEACAEC7CC}"
EndProject
Project("{9A19103F-16F7-4668-BE54-9A1E7A4F7556}") = "MP1_Question01", "MP1_Question01\MP1_Question01.csproj", "{882246C8-B14A-4546-AF19-BB1332381F43}"
EndProject
Project("{9A19103F-16F7-4668-BE54-9A1E7A4F7556}") = "MP1_Question02", "MP1_Question02\MP1_Question02.csproj", "{8701C134-B3E3-4852-A05A-C9781343A93A}"
EndProject
Project("{9A19103F-16F7-4668-BE54-9A1E7A4F7556}") = "MP1_Question03", "MP1_Question03\MP1_Question03.csproj", "{047BC60F-AA65-44CB-AFFA-E6271D07A24B}"
EndProject
Project("{9A19103F-16F7-4668-BE54-9A1E7A4F7556}") = "MP2_Question01", "MP2_Question01\MP2_Question01.csproj", "{35E38FF9-EE00-43ED-B375-6FF284E2FD0B}"
EndProject
Project("{9A19103F-16F7-4668-BE54-9A1E7A4F7556}") = "MP2_Question02", "MP2_Question02\MP2_Question02.csproj", "{FD902DC6-04A1-4CD9-A3FC-FB4FB86A536A}"
EndProject
Project("{9A19103F-16F7-4668-BE54-9A1E7A4F7556}") = "MP2_Question03", "MP2_Question03\MP2_Question03.csproj", "{E0257B89-67D0-4CEE-A4A0-E74D4278A054}"
EndProject
Project("{9A19103F-16F7-4668-BE54-9A1E7A4F7556}") = "MP3_Question01", "MP3_Question01\MP3_Question01.csproj", "{0581BC33-DA6D-4996-842A-14CCC75351D2}"
EndProject
Project("{9A19103F-16F7-4668-BE54-9A1E7A4F7556}") = "MP3_Question02", "MP3_Question02\MP3_Question02.csproj", "{D6E020F3-D4BC-4EA9-BEB2-5FE1FE1CD25F}"
EndProject
Project("{9A19103F-16F7-4668-BE54-9A1E7A4F7556}") = "MP3_Question03", "MP3_Question03\MP3_Question03.csproj", "{420E9683-7DA3-4F36-BED6-3D5C8783A99B}"
EndProject
Project("{9A19103F-16F7-4668-BE54-9A1E7A4F7556}") = "MP3_Question04", "MP3_Question04\MP3_Question04.csproj", "{C23AB7DF-2202-433E-B172-8DB7D7CE12E4}"
EndProject
Project("{9A19103F-16F7-4668-BE54-9A1E7A4F7556}") = "MP3_Question05", "MP3_Question05\MP3_Question05.csproj", "{B96DAAB0-B44E-42DC-9CAB-A047726C0E0C}"
EndProject
Project("{9A19103F-16F7-4668-BE54-9A1E7A4F7556}") = "MathTutor01", "MathTutor01\MathTutor01.csproj", "{8469EF80-43E9-4DE6-9692-7AE0807AC9E0}"
EndProject
Project("{9A19103F-16F7-4668-BE54-9A1E7A4F7556}") = "MathTutor02", "MathTutor02\MathTutor02.csproj", "{80B3B673-3DDE-456F-9D28-E07CD38EC7A0}"
EndProject
Project("{9A19103F-16F7-4668-BE54-9A1E7A4F7556}") = "MathTutor03", "MathTutor03\MathTutor03.csproj", "{BBDBA418-9388-4E4A-AFCD-BB69602B21D3}"
EndProject
Project("{9A19103F-16F7-4668-BE54-9A1E7A4F7556}") = "MathTutor04", "MathTutor04\MathTutor04.csproj", "{1307E42F-0B9F-498F-94F2-164F6D8A6ACA}"
EndProject
Project("{FAE04EC0-301F-11D3-BF4B-00C04F79EFBC}") = "MathTutor05", "MathTutor05\MathTutor05.csproj", "{2A756C33-7DB0-4A4B-BF0D-96A074EA18C8}"
EndProject
Project("{9A19103F-16F7-4668-BE54-9A1E7A4F7556}") = "SwitchDemo", "SwitchDemo\SwitchDemo.csproj", "{70346781-2891-4E49-824A-37E5E9A183D4}"
EndProject
Global
	GlobalSection(SolutionConfigurationPlatforms) = preSolution
		Debug|Any CPU = Debug|Any CPU
		Release|Any CPU = Release|Any CPU
	EndGlobalSection
	GlobalSection(ProjectConfigurationPlatforms) = postSolution
		{777B1829-4A8F-4F89-8889-3DF95520B8E1}.Debug|Any CPU.ActiveCfg = Debug|Any CPU
		{777B1829-4A8F-4F89-8889-3DF95520B8E1}.Debug|Any CPU.Build.0 = Debug|Any CPU
		{777B1829-4A8F-4F89-8889-3DF95520B8E1}.Release|Any CPU.ActiveCfg = Release|Any CPU
		{777B1829-4A8F-4F89-8889-3DF95520B8E1}.Release|Any CPU.Build.0 = Release|Any CPU
		{DB2D5B98-B2E2-4291-B589-ED3CD8ABAEE0}.Debug|Any CPU.ActiveCfg = Debug|Any CPU
		{DB2D5B98-B2E2-4291-B589-ED3CD8ABAEE0}.Debug|Any CPU.Build.0 = Debug|Any CPU
		{DB2D5B98-B2E2-4291-B589-ED3CD8ABAEE0}.Release|Any CPU.ActiveCfg = Release|Any CPU
		{DB2D5B98-B2E2-4291-B589-ED3CD8ABAEE0}.Release|Any CPU.Build.0 = Release|Any CPU
		{A1B9C85F-57B9-4B16-A3A7-6226DE3F440C}.Debug|Any CPU.ActiveCfg = Debug|Any CPU
		{A1B9C85F-57B9-4B16-A3A7-6226DE3F440C}.Debug|Any CPU.Build.0 = Debug|Any CPU
		{A1B9C85F-57B9-4B16-A3A7-6226DE3F440C}.Release|Any CPU.ActiveCfg = Release|Any CPU
		{A1B9C85F-57B9-4B16-A3A7-6226DE3F440C}.Release|Any CPU.Build.0 = Release|Any CPU
		{7E844B4E-ECCB-4E87-B71E-672528DEF514}.Debug|Any CPU.ActiveCfg = Debug|Any CPU
		{7E844B4E-ECCB-4E87-B71E-672528DEF514}.Debug|Any CPU.Build.0 = Debug|Any CPU
		{7E844B4E-ECCB-4E87-B71E-672528DEF514}.Release|Any CPU.ActiveCfg = Release|Any CPU
		{7E844B4E-ECCB-4E87-B71E-672528DEF514}.Release|Any CPU.Build.0 = Release|Any CPU
		{D61DC9E7-93B1-4C12-A5AB-979E278DE3AA}.Debug|Any CPU.ActiveCfg = Debug|Any CPU
		{D61DC9E7-93B1-4C12-A5AB-979E278DE3AA}.Debug|Any CPU.Build.0 = Debug|Any CPU
		{D61DC9E7-93B1-4C12-A5AB-979E278DE3AA}.Release|Any CPU.ActiveCfg = Release|Any CPU
		{D61DC9E7-93B1-4C12-A5AB-979E278DE3AA}.Release|Any CPU.Build.0 = Release|Any CPU
		{F37F2915-7273-4EB0-B464-EB6B4757B3FA}.Debug|Any CPU.ActiveCfg = Debug|Any CPU
		{F37F2915-7273-4EB0-B464-EB6B4757B3FA}.Debug|Any CPU.Build.0 = Debug|Any CPU
		{F37F2915-7273-4EB0-B464-EB6B4757B3FA}.Release|Any CPU.ActiveCfg = Release|Any CPU
		{F37F2915-7273-4EB0-B464-EB6B4757B3FA}.Release|Any CPU.Build.0 = Release|Any CPU
		{A9CC3D2C-1165-45A9-AA27-28FF5766061D}.Debug|Any CPU.ActiveCfg = Debug|Any CPU
		{A9CC3D2C-1165-45A9-AA27-28FF5766061D}.Debug|Any CPU.Build.0 = Debug|Any CPU
		{A9CC3D2C-1165-45A9-AA27-28FF5766061D}.Release|Any CPU.ActiveCfg = Release|Any CPU
		{A9CC3D2C-1165-45A9-AA27-28FF5766061D}.Release|Any CPU.Build.0 = Release|Any CPU
		{01D7D8EC-D2ED-49A6-9EF5-5C21D211BAF8}.Debug|Any CPU.ActiveCfg = Debug|Any CPU
		{01D7D8EC-D2ED-49A6-9EF5-5C21D211BAF8}.Debug|Any CPU.Build.0 = Debug|Any CPU
		{01D7D8EC-D2ED-49A6-9EF5-5C21D211BAF8}.Release|Any CPU.ActiveCfg = Release|Any CPU
		{01D7D8EC-D2ED-49A6-9EF5-5C21D211BAF8}.Release|Any CPU.Build.0 = Release|Any CPU
		{AF152215-8345-4591-8A0C-F1F723B80B10}.Debug|Any CPU.ActiveCfg = Debug|Any CPU
		{AF152215-8345-4591-8A0C-F1F723B80B10}.Debug|Any CPU.Build.0 = Debug|Any CPU
		{AF152215-8345-4591-8A0C-F1F723B80B10}.Release|Any CPU.ActiveCfg = Release|Any CPU
		{AF152215-8345-4591-8A0C-F1F723B80B10}.Release|Any CPU.Build.0 = Release|Any CPU
		{603E89D5-3C8B-4C85-AC2E-8B3BBBCDCEB7}.Debug|Any CPU.ActiveCfg = Debug|Any CPU
		{603E89D5-3C8B-4C85-AC2E-8B3BBBCDCEB7}.Debug|Any CPU.Build.0 = Debug|Any CPU
		{603E89D5-3C8B-4C85-AC2E-8B3BBBCDCEB7}.Release|Any CPU.ActiveCfg = Release|Any CPU
		{603E89D5-3C8B-4C85-AC2E-8B3BBBCDCEB7}.Release|Any CPU.Build.0 = Release|Any CPU
		{2C23646C-66DA-4C26-BFED-922E97D59CE7}.Debug|Any CPU.ActiveCfg = Debug|Any CPU
		{2C23646C-66DA-4C26-BFED-922E97D59CE7}.Debug|Any CPU.Build.0 = Debug|Any CPU
		{2C23646C-66DA-4C26-BFED-922E97D59CE7}.Release|Any CPU.ActiveCfg = Release|Any CPU
		{2C23646C-66DA-4C26-BFED-922E97D59CE7}.Release|Any CPU.Build.0 = Release|Any CPU
		{1BBAF028-22F0-4CE9-A42C-C9763048CA76}.Debug|Any CPU.ActiveCfg = Debug|Any CPU
		{1BBAF028-22F0-4CE9-A42C-C9763048CA76}.Debug|Any CPU.Build.0 = Debug|Any CPU
		{1BBAF028-22F0-4CE9-A42C-C9763048CA76}.Release|Any CPU.ActiveCfg = Release|Any CPU
		{1BBAF028-22F0-4CE9-A42C-C9763048CA76}.Release|Any CPU.Build.0 = Release|Any CPU
		{BCF3B6D6-B9FD-4368-9622-C41B7844491D}.Debug|Any CPU.ActiveCfg = Debug|Any CPU
		{BCF3B6D6-B9FD-4368-9622-C41B7844491D}.Debug|Any CPU.Build.0 = Debug|Any CPU
		{BCF3B6D6-B9FD-4368-9622-C41B7844491D}.Release|Any CPU.ActiveCfg = Release|Any CPU
		{BCF3B6D6-B9FD-4368-9622-C41B7844491D}.Release|Any CPU.Build.0 = Release|Any CPU
		{6FBEB765-9D29-41B2-A41B-F28DF3C7CCAE}.Debug|Any CPU.ActiveCfg = Debug|Any CPU
		{6FBEB765-9D29-41B2-A41B-F28DF3C7CCAE}.Debug|Any CPU.Build.0 = Debug|Any CPU
		{6FBEB765-9D29-41B2-A41B-F28DF3C7CCAE}.Release|Any CPU.ActiveCfg = Release|Any CPU
		{6FBEB765-9D29-41B2-A41B-F28DF3C7CCAE}.Release|Any CPU.Build.0 = Release|Any CPU
		{B549D3A4-809E-427F-A0C0-68D8E9F1E76E}.Debug|Any CPU.ActiveCfg = Debug|Any CPU
		{B549D3A4-809E-427F-A0C0-68D8E9F1E76E}.Debug|Any CPU.Build.0 = Debug|Any CPU
		{B549D3A4-809E-427F-A0C0-68D8E9F1E76E}.Release|Any CPU.ActiveCfg = Release|Any CPU
		{B549D3A4-809E-427F-A0C0-68D8E9F1E76E}.Release|Any CPU.Build.0 = Release|Any CPU
		{32E15E1F-C701-498E-AD76-CFA5E172F226}.Debug|Any CPU.ActiveCfg = Debug|Any CPU
		{32E15E1F-C701-498E-AD76-CFA5E172F226}.Debug|Any CPU.Build.0 = Debug|Any CPU
		{32E15E1F-C701-498E-AD76-CFA5E172F226}.Release|Any CPU.ActiveCfg = Release|Any CPU
		{32E15E1F-C701-498E-AD76-CFA5E172F226}.Release|Any CPU.Build.0 = Release|Any CPU
		{57A882FE-197A-4139-884F-3A648BB26B68}.Debug|Any CPU.ActiveCfg = Debug|Any CPU
		{57A882FE-197A-4139-884F-3A648BB26B68}.Debug|Any CPU.Build.0 = Debug|Any CPU
		{57A882FE-197A-4139-884F-3A648BB26B68}.Release|Any CPU.ActiveCfg = Release|Any CPU
		{57A882FE-197A-4139-884F-3A648BB26B68}.Release|Any CPU.Build.0 = Release|Any CPU
		{62B437F2-7E38-4C7A-8AA6-BC83B48E02D6}.Debug|Any CPU.ActiveCfg = Debug|Any CPU
		{62B437F2-7E38-4C7A-8AA6-BC83B48E02D6}.Debug|Any CPU.Build.0 = Debug|Any CPU
		{62B437F2-7E38-4C7A-8AA6-BC83B48E02D6}.Release|Any CPU.ActiveCfg = Release|Any CPU
		{62B437F2-7E38-4C7A-8AA6-BC83B48E02D6}.Release|Any CPU.Build.0 = Release|Any CPU
		{B0635C93-0DFE-4AA0-921C-40D092984E54}.Debug|Any CPU.ActiveCfg = Debug|Any CPU
		{B0635C93-0DFE-4AA0-921C-40D092984E54}.Debug|Any CPU.Build.0 = Debug|Any CPU
		{B0635C93-0DFE-4AA0-921C-40D092984E54}.Release|Any CPU.ActiveCfg = Release|Any CPU
		{B0635C93-0DFE-4AA0-921C-40D092984E54}.Release|Any CPU.Build.0 = Release|Any CPU
		{1F97653D-5B36-4B57-80E4-5EE1E905802A}.Debug|Any CPU.ActiveCfg = Debug|Any CPU
		{1F97653D-5B36-4B57-80E4-5EE1E905802A}.Debug|Any CPU.Build.0 = Debug|Any CPU
		{1F97653D-5B36-4B57-80E4-5EE1E905802A}.Release|Any CPU.ActiveCfg = Release|Any CPU
		{1F97653D-5B36-4B57-80E4-5EE1E905802A}.Release|Any CPU.Build.0 = Release|Any CPU
		{EC95A3F7-347F-4F51-B498-1AC0575468A7}.Debug|Any CPU.ActiveCfg = Debug|Any CPU
		{EC95A3F7-347F-4F51-B498-1AC0575468A7}.Debug|Any CPU.Build.0 = Debug|Any CPU
		{EC95A3F7-347F-4F51-B498-1AC0575468A7}.Release|Any CPU.ActiveCfg = Release|Any CPU
		{EC95A3F7-347F-4F51-B498-1AC0575468A7}.Release|Any CPU.Build.0 = Release|Any CPU
		{F9819C91-1031-49A7-BA7D-E69544CCB3D0}.Debug|Any CPU.ActiveCfg = Debug|Any CPU
		{F9819C91-1031-49A7-BA7D-E69544CCB3D0}.Debug|Any CPU.Build.0 = Debug|Any CPU
		{F9819C91-1031-49A7-BA7D-E69544CCB3D0}.Release|Any CPU.ActiveCfg = Release|Any CPU
		{F9819C91-1031-49A7-BA7D-E69544CCB3D0}.Release|Any CPU.Build.0 = Release|Any CPU
		{DE65CF5B-D6BD-4D84-928B-EE1A88FD613B}.Debug|Any CPU.ActiveCfg = Debug|Any CPU
		{DE65CF5B-D6BD-4D84-928B-EE1A88FD613B}.Debug|Any CPU.Build.0 = Debug|Any CPU
		{DE65CF5B-D6BD-4D84-928B-EE1A88FD613B}.Release|Any CPU.ActiveCfg = Release|Any CPU
		{DE65CF5B-D6BD-4D84-928B-EE1A88FD613B}.Release|Any CPU.Build.0 = Release|Any CPU
		{727188BA-F2D1-459C-BDFE-7FAE2B374551}.Debug|Any CPU.ActiveCfg = Debug|Any CPU
		{727188BA-F2D1-459C-BDFE-7FAE2B374551}.Debug|Any CPU.Build.0 = Debug|Any CPU
		{727188BA-F2D1-459C-BDFE-7FAE2B374551}.Release|Any CPU.ActiveCfg = Release|Any CPU
		{727188BA-F2D1-459C-BDFE-7FAE2B374551}.Release|Any CPU.Build.0 = Release|Any CPU
		{E9B3EC17-5339-4F7E-B213-54B7D20CED9D}.Debug|Any CPU.ActiveCfg = Debug|Any CPU
		{E9B3EC17-5339-4F7E-B213-54B7D20CED9D}.Debug|Any CPU.Build.0 = Debug|Any CPU
		{E9B3EC17-5339-4F7E-B213-54B7D20CED9D}.Release|Any CPU.ActiveCfg = Release|Any CPU
		{E9B3EC17-5339-4F7E-B213-54B7D20CED9D}.Release|Any CPU.Build.0 = Release|Any CPU
		{95EE9F0E-1E62-44D8-8995-3DFEACAEC7CC}.Debug|Any CPU.ActiveCfg = Debug|Any CPU
		{95EE9F0E-1E62-44D8-8995-3DFEACAEC7CC}.Debug|Any CPU.Build.0 = Debug|Any CPU
		{95EE9F0E-1E62-44D8-8995-3DFEACAEC7CC}.Release|Any CPU.ActiveCfg = Release|Any CPU
		{95EE9F0E-1E62-44D8-8995-3DFEACAEC7CC}.Release|Any CPU.Build.0 = Release|Any CPU
		{882246C8-B14A-4546-AF19-BB1332381F43}.Debug|Any CPU.ActiveCfg = Debug|Any CPU
		{882246C8-B14A-4546-AF19-BB1332381F43}.Debug|Any CPU.Build.0 = Debug|Any CPU
		{882246C8-B14A-4546-AF19-BB1332381F43}.Release|Any CPU.ActiveCfg = Release|Any CPU
		{882246C8-B14A-4546-AF19-BB1332381F43}.Release|Any CPU.Build.0 = Release|Any CPU
		{8701C134-B3E3-4852-A05A-C9781343A93A}.Debug|Any CPU.ActiveCfg = Debug|Any CPU
		{8701C134-B3E3-4852-A05A-C9781343A93A}.Debug|Any CPU.Build.0 = Debug|Any CPU
		{8701C134-B3E3-4852-A05A-C9781343A93A}.Release|Any CPU.ActiveCfg = Release|Any CPU
		{8701C134-B3E3-4852-A05A-C9781343A93A}.Release|Any CPU.Build.0 = Release|Any CPU
		{047BC60F-AA65-44CB-AFFA-E6271D07A24B}.Debug|Any CPU.ActiveCfg = Debug|Any CPU
		{047BC60F-AA65-44CB-AFFA-E6271D07A24B}.Debug|Any CPU.Build.0 = Debug|Any CPU
		{047BC60F-AA65-44CB-AFFA-E6271D07A24B}.Release|Any CPU.ActiveCfg = Release|Any CPU
		{047BC60F-AA65-44CB-AFFA-E6271D07A24B}.Release|Any CPU.Build.0 = Release|Any CPU
		{35E38FF9-EE00-43ED-B375-6FF284E2FD0B}.Debug|Any CPU.ActiveCfg = Debug|Any CPU
		{35E38FF9-EE00-43ED-B375-6FF284E2FD0B}.Debug|Any CPU.Build.0 = Debug|Any CPU
		{35E38FF9-EE00-43ED-B375-6FF284E2FD0B}.Release|Any CPU.ActiveCfg = Release|Any CPU
		{35E38FF9-EE00-43ED-B375-6FF284E2FD0B}.Release|Any CPU.Build.0 = Release|Any CPU
		{FD902DC6-04A1-4CD9-A3FC-FB4FB86A536A}.Debug|Any CPU.ActiveCfg = Debug|Any CPU
		{FD902DC6-04A1-4CD9-A3FC-FB4FB86A536A}.Debug|Any CPU.Build.0 = Debug|Any CPU
		{FD902DC6-04A1-4CD9-A3FC-FB4FB86A536A}.Release|Any CPU.ActiveCfg = Release|Any CPU
		{FD902DC6-04A1-4CD9-A3FC-FB4FB86A536A}.Release|Any CPU.Build.0 = Release|Any CPU
		{E0257B89-67D0-4CEE-A4A0-E74D4278A054}.Debug|Any CPU.ActiveCfg = Debug|Any CPU
		{E0257B89-67D0-4CEE-A4A0-E74D4278A054}.Debug|Any CPU.Build.0 = Debug|Any CPU
		{E0257B89-67D0-4CEE-A4A0-E74D4278A054}.Release|Any CPU.ActiveCfg = Release|Any CPU
		{E0257B89-67D0-4CEE-A4A0-E74D4278A054}.Release|Any CPU.Build.0 = Release|Any CPU
		{0581BC33-DA6D-4996-842A-14CCC75351D2}.Debug|Any CPU.ActiveCfg = Debug|Any CPU
		{0581BC33-DA6D-4996-842A-14CCC75351D2}.Debug|Any CPU.Build.0 = Debug|Any CPU
		{0581BC33-DA6D-4996-842A-14CCC75351D2}.Release|Any CPU.ActiveCfg = Release|Any CPU
		{0581BC33-DA6D-4996-842A-14CCC75351D2}.Release|Any CPU.Build.0 = Release|Any CPU
		{D6E020F3-D4BC-4EA9-BEB2-5FE1FE1CD25F}.Debug|Any CPU.ActiveCfg = Debug|Any CPU
		{D6E020F3-D4BC-4EA9-BEB2-5FE1FE1CD25F}.Debug|Any CPU.Build.0 = Debug|Any CPU
		{D6E020F3-D4BC-4EA9-BEB2-5FE1FE1CD25F}.Release|Any CPU.ActiveCfg = Release|Any CPU
		{D6E020F3-D4BC-4EA9-BEB2-5FE1FE1CD25F}.Release|Any CPU.Build.0 = Release|Any CPU
		{420E9683-7DA3-4F36-BED6-3D5C8783A99B}.Debug|Any CPU.ActiveCfg = Debug|Any CPU
		{420E9683-7DA3-4F36-BED6-3D5C8783A99B}.Debug|Any CPU.Build.0 = Debug|Any CPU
		{420E9683-7DA3-4F36-BED6-3D5C8783A99B}.Release|Any CPU.ActiveCfg = Release|Any CPU
		{420E9683-7DA3-4F36-BED6-3D5C8783A99B}.Release|Any CPU.Build.0 = Release|Any CPU
		{C23AB7DF-2202-433E-B172-8DB7D7CE12E4}.Debug|Any CPU.ActiveCfg = Debug|Any CPU
		{C23AB7DF-2202-433E-B172-8DB7D7CE12E4}.Debug|Any CPU.Build.0 = Debug|Any CPU
		{C23AB7DF-2202-433E-B172-8DB7D7CE12E4}.Release|Any CPU.ActiveCfg = Release|Any CPU
		{C23AB7DF-2202-433E-B172-8DB7D7CE12E4}.Release|Any CPU.Build.0 = Release|Any CPU
		{B96DAAB0-B44E-42DC-9CAB-A047726C0E0C}.Debug|Any CPU.ActiveCfg = Debug|Any CPU
		{B96DAAB0-B44E-42DC-9CAB-A047726C0E0C}.Debug|Any CPU.Build.0 = Debug|Any CPU
		{B96DAAB0-B44E-42DC-9CAB-A047726C0E0C}.Release|Any CPU.ActiveCfg = Release|Any CPU
		{B96DAAB0-B44E-42DC-9CAB-A047726C0E0C}.Release|Any CPU.Build.0 = Release|Any CPU
		{8469EF80-43E9-4DE6-9692-7AE0807AC9E0}.Debug|Any CPU.ActiveCfg = Debug|Any CPU
		{8469EF80-43E9-4DE6-9692-7AE0807AC9E0}.Debug|Any CPU.Build.0 = Debug|Any CPU
		{8469EF80-43E9-4DE6-9692-7AE0807AC9E0}.Release|Any CPU.ActiveCfg = Release|Any CPU
		{8469EF80-43E9-4DE6-9692-7AE0807AC9E0}.Release|Any CPU.Build.0 = Release|Any CPU
		{80B3B673-3DDE-456F-9D28-E07CD38EC7A0}.Debug|Any CPU.ActiveCfg = Debug|Any CPU
		{80B3B673-3DDE-456F-9D28-E07CD38EC7A0}.Debug|Any CPU.Build.0 = Debug|Any CPU
		{80B3B673-3DDE-456F-9D28-E07CD38EC7A0}.Release|Any CPU.ActiveCfg = Release|Any CPU
		{80B3B673-3DDE-456F-9D28-E07CD38EC7A0}.Release|Any CPU.Build.0 = Release|Any CPU
		{BBDBA418-9388-4E4A-AFCD-BB69602B21D3}.Debug|Any CPU.ActiveCfg = Debug|Any CPU
		{BBDBA418-9388-4E4A-AFCD-BB69602B21D3}.Debug|Any CPU.Build.0 = Debug|Any CPU
		{BBDBA418-9388-4E4A-AFCD-BB69602B21D3}.Release|Any CPU.ActiveCfg = Release|Any CPU
		{BBDBA418-9388-4E4A-AFCD-BB69602B21D3}.Release|Any CPU.Build.0 = Release|Any CPU
		{1307E42F-0B9F-498F-94F2-164F6D8A6ACA}.Debug|Any CPU.ActiveCfg = Debug|Any CPU
		{1307E42F-0B9F-498F-94F2-164F6D8A6ACA}.Debug|Any CPU.Build.0 = Debug|Any CPU
		{1307E42F-0B9F-498F-94F2-164F6D8A6ACA}.Release|Any CPU.ActiveCfg = Release|Any CPU
		{1307E42F-0B9F-498F-94F2-164F6D8A6ACA}.Release|Any CPU.Build.0 = Release|Any CPU
		{2A756C33-7DB0-4A4B-BF0D-96A074EA18C8}.Debug|Any CPU.ActiveCfg = Debug|Any CPU
		{2A756C33-7DB0-4A4B-BF0D-96A074EA18C8}.Debug|Any CPU.Build.0 = Debug|Any CPU
		{2A756C33-7DB0-4A4B-BF0D-96A074EA18C8}.Release|Any CPU.ActiveCfg = Release|Any CPU
		{2A756C33-7DB0-4A4B-BF0D-96A074EA18C8}.Release|Any CPU.Build.0 = Release|Any CPU
		{70346781-2891-4E49-824A-37E5E9A183D4}.Debug|Any CPU.ActiveCfg = Debug|Any CPU
		{70346781-2891-4E49-824A-37E5E9A183D4}.Debug|Any CPU.Build.0 = Debug|Any CPU
		{70346781-2891-4E49-824A-37E5E9A183D4}.Release|Any CPU.ActiveCfg = Release|Any CPU
		{70346781-2891-4E49-824A-37E5E9A183D4}.Release|Any CPU.Build.0 = Release|Any CPU
	EndGlobalSection
	GlobalSection(SolutionProperties) = preSolution
		HideSolutionNode = FALSE
	EndGlobalSection
	GlobalSection(ExtensibilityGlobals) = postSolution
		SolutionGuid = {15BCB3BC-9474-40AE-AC66-07C0D661EE0D}
	EndGlobalSection
EndGlobal
